// !$*UTF8*$!
{
	archiveVersion = 1;
	classes = {
	};
	objectVersion = 46;
	objects = {

/* Begin PBXBuildFile section */
		4BA502A3138A58BD00F2653C /* Foundation.framework in Frameworks */ = {isa = PBXBuildFile; fileRef = 4BA502A2138A58BD00F2653C /* Foundation.framework */; };
		4BA502AF138A58BD00F2653C /* Foundation.framework in Frameworks */ = {isa = PBXBuildFile; fileRef = 4BA502A2138A58BD00F2653C /* Foundation.framework */; };
		4BA502B4138A58BD00F2653C /* libpq-ios.a in Frameworks */ = {isa = PBXBuildFile; fileRef = 4BA5029F138A58BD00F2653C /* libpq-ios.a */; };
		4BA502BA138A58BD00F2653C /* InfoPlist.strings in Resources */ = {isa = PBXBuildFile; fileRef = 4BA502B8138A58BD00F2653C /* InfoPlist.strings */; };
		4BA502BD138A58BD00F2653C /* libpq_iosTests.h in Resources */ = {isa = PBXBuildFile; fileRef = 4BA502BC138A58BD00F2653C /* libpq_iosTests.h */; };
		4BA502BF138A58BD00F2653C /* libpq_iosTests.m in Sources */ = {isa = PBXBuildFile; fileRef = 4BA502BE138A58BD00F2653C /* libpq_iosTests.m */; };
		4BA502E0138A599600F2653C /* pqsignal.h in Headers */ = {isa = PBXBuildFile; fileRef = 4BA502CE138A599600F2653C /* pqsignal.h */; };
		4BA502E1138A599600F2653C /* pqexpbuffer.h in Headers */ = {isa = PBXBuildFile; fileRef = 4BA502CF138A599600F2653C /* pqexpbuffer.h */; };
		4BA502E2138A599600F2653C /* libpq-int.h in Headers */ = {isa = PBXBuildFile; fileRef = 4BA502D0138A599600F2653C /* libpq-int.h */; };
		4BA502E3138A599600F2653C /* libpq-fe.h in Headers */ = {isa = PBXBuildFile; fileRef = 4BA502D1138A599600F2653C /* libpq-fe.h */; };
		4BA502E4138A599600F2653C /* libpq-events.h in Headers */ = {isa = PBXBuildFile; fileRef = 4BA502D2138A599600F2653C /* libpq-events.h */; };
		4BA502E5138A599600F2653C /* fe-auth.h in Headers */ = {isa = PBXBuildFile; fileRef = 4BA502D3138A599600F2653C /* fe-auth.h */; };
		4BA502E6138A599600F2653C /* pqsignal.c in Sources */ = {isa = PBXBuildFile; fileRef = 4BA502D4138A599600F2653C /* pqsignal.c */; };
		4BA502E7138A599600F2653C /* pqexpbuffer.c in Sources */ = {isa = PBXBuildFile; fileRef = 4BA502D5138A599600F2653C /* pqexpbuffer.c */; };
		4BA502E8138A599600F2653C /* libpq-events.c in Sources */ = {isa = PBXBuildFile; fileRef = 4BA502D6138A599600F2653C /* libpq-events.c */; };
		4BA502E9138A599600F2653C /* fe-secure.c in Sources */ = {isa = PBXBuildFile; fileRef = 4BA502D7138A599600F2653C /* fe-secure.c */; };
		4BA502EA138A599600F2653C /* fe-protocol3.c in Sources */ = {isa = PBXBuildFile; fileRef = 4BA502D8138A599600F2653C /* fe-protocol3.c */; };
		4BA502EB138A599600F2653C /* fe-protocol2.c in Sources */ = {isa = PBXBuildFile; fileRef = 4BA502D9138A599600F2653C /* fe-protocol2.c */; };
		4BA502EC138A599600F2653C /* fe-print.c in Sources */ = {isa = PBXBuildFile; fileRef = 4BA502DA138A599600F2653C /* fe-print.c */; };
		4BA502ED138A599600F2653C /* fe-misc.c in Sources */ = {isa = PBXBuildFile; fileRef = 4BA502DB138A599600F2653C /* fe-misc.c */; };
		4BA502EE138A599600F2653C /* fe-lobj.c in Sources */ = {isa = PBXBuildFile; fileRef = 4BA502DC138A599600F2653C /* fe-lobj.c */; };
		4BA502EF138A599600F2653C /* fe-exec.c in Sources */ = {isa = PBXBuildFile; fileRef = 4BA502DD138A599600F2653C /* fe-exec.c */; };
		4BA502F0138A599600F2653C /* fe-connect.c in Sources */ = {isa = PBXBuildFile; fileRef = 4BA502DE138A599600F2653C /* fe-connect.c */; };
		4BA502F1138A599600F2653C /* fe-auth.c in Sources */ = {isa = PBXBuildFile; fileRef = 4BA502DF138A599600F2653C /* fe-auth.c */; };
		4BA50309138A5E9800F2653C /* auth.h in Headers */ = {isa = PBXBuildFile; fileRef = 4BA502F3138A5E9700F2653C /* auth.h */; };
		4BA5030A138A5E9800F2653C /* be-fsstubs.h in Headers */ = {isa = PBXBuildFile; fileRef = 4BA502F4138A5E9700F2653C /* be-fsstubs.h */; };
		4BA5030B138A5E9800F2653C /* crypt.h in Headers */ = {isa = PBXBuildFile; fileRef = 4BA502F5138A5E9700F2653C /* crypt.h */; };
		4BA5030C138A5E9800F2653C /* hba.h in Headers */ = {isa = PBXBuildFile; fileRef = 4BA502F6138A5E9700F2653C /* hba.h */; };
		4BA5030D138A5E9800F2653C /* ip.h in Headers */ = {isa = PBXBuildFile; fileRef = 4BA502F7138A5E9700F2653C /* ip.h */; };
		4BA5030E138A5E9800F2653C /* libpq-be.h in Headers */ = {isa = PBXBuildFile; fileRef = 4BA502F8138A5E9700F2653C /* libpq-be.h */; };
		4BA5030F138A5E9800F2653C /* libpq-fs.h in Headers */ = {isa = PBXBuildFile; fileRef = 4BA502F9138A5E9700F2653C /* libpq-fs.h */; };
		4BA50310138A5E9800F2653C /* libpq.h in Headers */ = {isa = PBXBuildFile; fileRef = 4BA502FA138A5E9700F2653C /* libpq.h */; };
		4BA50311138A5E9800F2653C /* md5.h in Headers */ = {isa = PBXBuildFile; fileRef = 4BA502FB138A5E9700F2653C /* md5.h */; };
		4BA50312138A5E9800F2653C /* pqcomm.h in Headers */ = {isa = PBXBuildFile; fileRef = 4BA502FC138A5E9700F2653C /* pqcomm.h */; };
		4BA50313138A5E9800F2653C /* pqformat.h in Headers */ = {isa = PBXBuildFile; fileRef = 4BA502FD138A5E9700F2653C /* pqformat.h */; };
		4BA50314138A5E9800F2653C /* pqsignal.h in Headers */ = {isa = PBXBuildFile; fileRef = 4BA502FE138A5E9700F2653C /* pqsignal.h */; };
		4BA50315138A5E9800F2653C /* getaddrinfo.h in Headers */ = {isa = PBXBuildFile; fileRef = 4BA502FF138A5E9700F2653C /* getaddrinfo.h */; };
		4BA50316138A5E9800F2653C /* port.h in Headers */ = {isa = PBXBuildFile; fileRef = 4BA50300138A5E9700F2653C /* port.h */; };
		4BA50317138A5E9800F2653C /* postgres_ext.h in Headers */ = {isa = PBXBuildFile; fileRef = 4BA50301138A5E9700F2653C /* postgres_ext.h */; };
		4BA50318138A5E9800F2653C /* pg_config_os.h in Headers */ = {isa = PBXBuildFile; fileRef = 4BA50302138A5E9800F2653C /* pg_config_os.h */; };
		4BA50319138A5E9800F2653C /* pg_config_manual.h in Headers */ = {isa = PBXBuildFile; fileRef = 4BA50303138A5E9800F2653C /* pg_config_manual.h */; };
		4BA5031A138A5E9800F2653C /* pg_config.h in Headers */ = {isa = PBXBuildFile; fileRef = 4BA50304138A5E9800F2653C /* pg_config.h */; };
		4BA5031B138A5E9800F2653C /* c.h in Headers */ = {isa = PBXBuildFile; fileRef = 4BA50305138A5E9800F2653C /* c.h */; };
		4BA5031C138A5E9800F2653C /* postgres_fe.h in Headers */ = {isa = PBXBuildFile; fileRef = 4BA50306138A5E9800F2653C /* postgres_fe.h */; };
		4BA5031D138A5E9800F2653C /* pg_wchar.h in Headers */ = {isa = PBXBuildFile; fileRef = 4BA50308138A5E9800F2653C /* pg_wchar.h */; };
		4BA5031F138A61A600F2653C /* pg_config_paths.h in Headers */ = {isa = PBXBuildFile; fileRef = 4BA5031E138A61A600F2653C /* pg_config_paths.h */; };
		4BB312D8138A890900692052 /* pgstrcasecmp.c in Sources */ = {isa = PBXBuildFile; fileRef = 4BB312D5138A890800692052 /* pgstrcasecmp.c */; };
		4BB312D9138A890900692052 /* noblock.c in Sources */ = {isa = PBXBuildFile; fileRef = 4BB312D6138A890800692052 /* noblock.c */; };
		4BB312DA138A890900692052 /* md5.c in Sources */ = {isa = PBXBuildFile; fileRef = 4BB312D7138A890800692052 /* md5.c */; };
		4BB312E1138A891A00692052 /* wchar.c in Sources */ = {isa = PBXBuildFile; fileRef = 4BB312DB138A891A00692052 /* wchar.c */; };
		4BB312E2138A891A00692052 /* thread.c in Sources */ = {isa = PBXBuildFile; fileRef = 4BB312DC138A891A00692052 /* thread.c */; };
		4BB312E3138A891A00692052 /* ip.c in Sources */ = {isa = PBXBuildFile; fileRef = 4BB312DD138A891A00692052 /* ip.c */; };
		4BB312E4138A891A00692052 /* inet_net_ntop.c in Sources */ = {isa = PBXBuildFile; fileRef = 4BB312DE138A891A00692052 /* inet_net_ntop.c */; };
		4BB312E5138A891A00692052 /* encnames.c in Sources */ = {isa = PBXBuildFile; fileRef = 4BB312DF138A891A00692052 /* encnames.c */; };
		4BB312E6138A891A00692052 /* chklocale.c in Sources */ = {isa = PBXBuildFile; fileRef = 4BB312E0138A891A00692052 /* chklocale.c */; };
/* End PBXBuildFile section */

/* Begin PBXContainerItemProxy section */
		4BA502B2138A58BD00F2653C /* PBXContainerItemProxy */ = {
			isa = PBXContainerItemProxy;
			containerPortal = 4BA50296138A58BD00F2653C /* Project object */;
			proxyType = 1;
			remoteGlobalIDString = 4BA5029E138A58BD00F2653C;
			remoteInfo = "libpq-ios";
		};
/* End PBXContainerItemProxy section */

/* Begin PBXFileReference section */
		4BA5029F138A58BD00F2653C /* libpq-ios.a */ = {isa = PBXFileReference; explicitFileType = archive.ar; includeInIndex = 0; path = "libpq-ios.a"; sourceTree = BUILT_PRODUCTS_DIR; };
		4BA502A2138A58BD00F2653C /* Foundation.framework */ = {isa = PBXFileReference; lastKnownFileType = wrapper.framework; name = Foundation.framework; path = System/Library/Frameworks/Foundation.framework; sourceTree = SDKROOT; };
		4BA502A6138A58BD00F2653C /* libpq-ios-Prefix.pch */ = {isa = PBXFileReference; lastKnownFileType = sourcecode.c.h; path = "libpq-ios-Prefix.pch"; sourceTree = "<group>"; };
		4BA502AC138A58BD00F2653C /* libpq-iosTests.octest */ = {isa = PBXFileReference; explicitFileType = wrapper.cfbundle; includeInIndex = 0; path = "libpq-iosTests.octest"; sourceTree = BUILT_PRODUCTS_DIR; };
		4BA502B7138A58BD00F2653C /* libpq-iosTests-Info.plist */ = {isa = PBXFileReference; lastKnownFileType = text.plist.xml; path = "libpq-iosTests-Info.plist"; sourceTree = "<group>"; };
		4BA502B9138A58BD00F2653C /* en */ = {isa = PBXFileReference; lastKnownFileType = text.plist.strings; name = en; path = en.lproj/InfoPlist.strings; sourceTree = "<group>"; };
		4BA502BB138A58BD00F2653C /* libpq-iosTests-Prefix.pch */ = {isa = PBXFileReference; lastKnownFileType = sourcecode.c.h; path = "libpq-iosTests-Prefix.pch"; sourceTree = "<group>"; };
		4BA502BC138A58BD00F2653C /* libpq_iosTests.h */ = {isa = PBXFileReference; lastKnownFileType = sourcecode.c.h; path = libpq_iosTests.h; sourceTree = "<group>"; };
		4BA502BE138A58BD00F2653C /* libpq_iosTests.m */ = {isa = PBXFileReference; lastKnownFileType = sourcecode.c.objc; path = libpq_iosTests.m; sourceTree = "<group>"; };
		4BA502CE138A599600F2653C /* pqsignal.h */ = {isa = PBXFileReference; fileEncoding = 4; lastKnownFileType = sourcecode.c.h; path = pqsignal.h; sourceTree = "<group>"; };
		4BA502CF138A599600F2653C /* pqexpbuffer.h */ = {isa = PBXFileReference; fileEncoding = 4; lastKnownFileType = sourcecode.c.h; path = pqexpbuffer.h; sourceTree = "<group>"; };
		4BA502D0138A599600F2653C /* libpq-int.h */ = {isa = PBXFileReference; fileEncoding = 4; lastKnownFileType = sourcecode.c.h; path = "libpq-int.h"; sourceTree = "<group>"; };
		4BA502D1138A599600F2653C /* libpq-fe.h */ = {isa = PBXFileReference; fileEncoding = 4; lastKnownFileType = sourcecode.c.h; path = "libpq-fe.h"; sourceTree = "<group>"; };
		4BA502D2138A599600F2653C /* libpq-events.h */ = {isa = PBXFileReference; fileEncoding = 4; lastKnownFileType = sourcecode.c.h; path = "libpq-events.h"; sourceTree = "<group>"; };
		4BA502D3138A599600F2653C /* fe-auth.h */ = {isa = PBXFileReference; fileEncoding = 4; lastKnownFileType = sourcecode.c.h; path = "fe-auth.h"; sourceTree = "<group>"; };
		4BA502D4138A599600F2653C /* pqsignal.c */ = {isa = PBXFileReference; fileEncoding = 4; lastKnownFileType = sourcecode.c.c; path = pqsignal.c; sourceTree = "<group>"; };
		4BA502D5138A599600F2653C /* pqexpbuffer.c */ = {isa = PBXFileReference; fileEncoding = 4; lastKnownFileType = sourcecode.c.c; path = pqexpbuffer.c; sourceTree = "<group>"; };
		4BA502D6138A599600F2653C /* libpq-events.c */ = {isa = PBXFileReference; fileEncoding = 4; lastKnownFileType = sourcecode.c.c; path = "libpq-events.c"; sourceTree = "<group>"; };
		4BA502D7138A599600F2653C /* fe-secure.c */ = {isa = PBXFileReference; fileEncoding = 4; lastKnownFileType = sourcecode.c.c; path = "fe-secure.c"; sourceTree = "<group>"; };
		4BA502D8138A599600F2653C /* fe-protocol3.c */ = {isa = PBXFileReference; fileEncoding = 4; lastKnownFileType = sourcecode.c.c; path = "fe-protocol3.c"; sourceTree = "<group>"; };
		4BA502D9138A599600F2653C /* fe-protocol2.c */ = {isa = PBXFileReference; fileEncoding = 4; lastKnownFileType = sourcecode.c.c; path = "fe-protocol2.c"; sourceTree = "<group>"; };
		4BA502DA138A599600F2653C /* fe-print.c */ = {isa = PBXFileReference; fileEncoding = 4; lastKnownFileType = sourcecode.c.c; path = "fe-print.c"; sourceTree = "<group>"; };
		4BA502DB138A599600F2653C /* fe-misc.c */ = {isa = PBXFileReference; fileEncoding = 4; lastKnownFileType = sourcecode.c.c; path = "fe-misc.c"; sourceTree = "<group>"; };
		4BA502DC138A599600F2653C /* fe-lobj.c */ = {isa = PBXFileReference; fileEncoding = 4; lastKnownFileType = sourcecode.c.c; path = "fe-lobj.c"; sourceTree = "<group>"; };
		4BA502DD138A599600F2653C /* fe-exec.c */ = {isa = PBXFileReference; fileEncoding = 4; lastKnownFileType = sourcecode.c.c; path = "fe-exec.c"; sourceTree = "<group>"; };
		4BA502DE138A599600F2653C /* fe-connect.c */ = {isa = PBXFileReference; fileEncoding = 4; lastKnownFileType = sourcecode.c.c; path = "fe-connect.c"; sourceTree = "<group>"; };
		4BA502DF138A599600F2653C /* fe-auth.c */ = {isa = PBXFileReference; fileEncoding = 4; lastKnownFileType = sourcecode.c.c; path = "fe-auth.c"; sourceTree = "<group>"; };
		4BA502F3138A5E9700F2653C /* auth.h */ = {isa = PBXFileReference; fileEncoding = 4; lastKnownFileType = sourcecode.c.h; path = auth.h; sourceTree = "<group>"; };
		4BA502F4138A5E9700F2653C /* be-fsstubs.h */ = {isa = PBXFileReference; fileEncoding = 4; lastKnownFileType = sourcecode.c.h; path = "be-fsstubs.h"; sourceTree = "<group>"; };
		4BA502F5138A5E9700F2653C /* crypt.h */ = {isa = PBXFileReference; fileEncoding = 4; lastKnownFileType = sourcecode.c.h; path = crypt.h; sourceTree = "<group>"; };
		4BA502F6138A5E9700F2653C /* hba.h */ = {isa = PBXFileReference; fileEncoding = 4; lastKnownFileType = sourcecode.c.h; path = hba.h; sourceTree = "<group>"; };
		4BA502F7138A5E9700F2653C /* ip.h */ = {isa = PBXFileReference; fileEncoding = 4; lastKnownFileType = sourcecode.c.h; path = ip.h; sourceTree = "<group>"; };
		4BA502F8138A5E9700F2653C /* libpq-be.h */ = {isa = PBXFileReference; fileEncoding = 4; lastKnownFileType = sourcecode.c.h; path = "libpq-be.h"; sourceTree = "<group>"; };
		4BA502F9138A5E9700F2653C /* libpq-fs.h */ = {isa = PBXFileReference; fileEncoding = 4; lastKnownFileType = sourcecode.c.h; path = "libpq-fs.h"; sourceTree = "<group>"; };
		4BA502FA138A5E9700F2653C /* libpq.h */ = {isa = PBXFileReference; fileEncoding = 4; lastKnownFileType = sourcecode.c.h; path = libpq.h; sourceTree = "<group>"; };
		4BA502FB138A5E9700F2653C /* md5.h */ = {isa = PBXFileReference; fileEncoding = 4; lastKnownFileType = sourcecode.c.h; path = md5.h; sourceTree = "<group>"; };
		4BA502FC138A5E9700F2653C /* pqcomm.h */ = {isa = PBXFileReference; fileEncoding = 4; lastKnownFileType = sourcecode.c.h; path = pqcomm.h; sourceTree = "<group>"; };
		4BA502FD138A5E9700F2653C /* pqformat.h */ = {isa = PBXFileReference; fileEncoding = 4; lastKnownFileType = sourcecode.c.h; path = pqformat.h; sourceTree = "<group>"; };
		4BA502FE138A5E9700F2653C /* pqsignal.h */ = {isa = PBXFileReference; fileEncoding = 4; lastKnownFileType = sourcecode.c.h; path = pqsignal.h; sourceTree = "<group>"; };
		4BA502FF138A5E9700F2653C /* getaddrinfo.h */ = {isa = PBXFileReference; fileEncoding = 4; lastKnownFileType = sourcecode.c.h; path = getaddrinfo.h; sourceTree = "<group>"; };
		4BA50300138A5E9700F2653C /* port.h */ = {isa = PBXFileReference; fileEncoding = 4; lastKnownFileType = sourcecode.c.h; path = port.h; sourceTree = "<group>"; };
		4BA50301138A5E9700F2653C /* postgres_ext.h */ = {isa = PBXFileReference; fileEncoding = 4; lastKnownFileType = sourcecode.c.h; path = postgres_ext.h; sourceTree = "<group>"; };
		4BA50302138A5E9800F2653C /* pg_config_os.h */ = {isa = PBXFileReference; fileEncoding = 4; lastKnownFileType = sourcecode.c.h; path = pg_config_os.h; sourceTree = "<group>"; };
		4BA50303138A5E9800F2653C /* pg_config_manual.h */ = {isa = PBXFileReference; fileEncoding = 4; lastKnownFileType = sourcecode.c.h; path = pg_config_manual.h; sourceTree = "<group>"; };
		4BA50304138A5E9800F2653C /* pg_config.h */ = {isa = PBXFileReference; fileEncoding = 4; lastKnownFileType = sourcecode.c.h; path = pg_config.h; sourceTree = "<group>"; };
		4BA50305138A5E9800F2653C /* c.h */ = {isa = PBXFileReference; fileEncoding = 4; lastKnownFileType = sourcecode.c.h; path = c.h; sourceTree = "<group>"; };
		4BA50306138A5E9800F2653C /* postgres_fe.h */ = {isa = PBXFileReference; fileEncoding = 4; lastKnownFileType = sourcecode.c.h; path = postgres_fe.h; sourceTree = "<group>"; };
		4BA50308138A5E9800F2653C /* pg_wchar.h */ = {isa = PBXFileReference; fileEncoding = 4; lastKnownFileType = sourcecode.c.h; path = pg_wchar.h; sourceTree = "<group>"; };
		4BA5031E138A61A600F2653C /* pg_config_paths.h */ = {isa = PBXFileReference; fileEncoding = 4; lastKnownFileType = sourcecode.c.h; path = pg_config_paths.h; sourceTree = "<group>"; };
		4BB312D5138A890800692052 /* pgstrcasecmp.c */ = {isa = PBXFileReference; fileEncoding = 4; lastKnownFileType = sourcecode.c.c; path = pgstrcasecmp.c; sourceTree = "<group>"; };
		4BB312D6138A890800692052 /* noblock.c */ = {isa = PBXFileReference; fileEncoding = 4; lastKnownFileType = sourcecode.c.c; path = noblock.c; sourceTree = "<group>"; };
		4BB312D7138A890800692052 /* md5.c */ = {isa = PBXFileReference; fileEncoding = 4; lastKnownFileType = sourcecode.c.c; path = md5.c; sourceTree = "<group>"; };
		4BB312DB138A891A00692052 /* wchar.c */ = {isa = PBXFileReference; fileEncoding = 4; lastKnownFileType = sourcecode.c.c; path = wchar.c; sourceTree = "<group>"; };
		4BB312DC138A891A00692052 /* thread.c */ = {isa = PBXFileReference; fileEncoding = 4; lastKnownFileType = sourcecode.c.c; path = thread.c; sourceTree = "<group>"; };
		4BB312DD138A891A00692052 /* ip.c */ = {isa = PBXFileReference; fileEncoding = 4; lastKnownFileType = sourcecode.c.c; path = ip.c; sourceTree = "<group>"; };
		4BB312DE138A891A00692052 /* inet_net_ntop.c */ = {isa = PBXFileReference; fileEncoding = 4; lastKnownFileType = sourcecode.c.c; path = inet_net_ntop.c; sourceTree = "<group>"; };
		4BB312DF138A891A00692052 /* encnames.c */ = {isa = PBXFileReference; fileEncoding = 4; lastKnownFileType = sourcecode.c.c; path = encnames.c; sourceTree = "<group>"; };
		4BB312E0138A891A00692052 /* chklocale.c */ = {isa = PBXFileReference; fileEncoding = 4; lastKnownFileType = sourcecode.c.c; path = chklocale.c; sourceTree = "<group>"; };
/* End PBXFileReference section */

/* Begin PBXFrameworksBuildPhase section */
		4BA5029C138A58BD00F2653C /* Frameworks */ = {
			isa = PBXFrameworksBuildPhase;
			buildActionMask = 2147483647;
			files = (
				4BA502A3138A58BD00F2653C /* Foundation.framework in Frameworks */,
			);
			runOnlyForDeploymentPostprocessing = 0;
		};
		4BA502A8138A58BD00F2653C /* Frameworks */ = {
			isa = PBXFrameworksBuildPhase;
			buildActionMask = 2147483647;
			files = (
				4BA502AF138A58BD00F2653C /* Foundation.framework in Frameworks */,
				4BA502B4138A58BD00F2653C /* libpq-ios.a in Frameworks */,
			);
			runOnlyForDeploymentPostprocessing = 0;
		};
/* End PBXFrameworksBuildPhase section */

/* Begin PBXGroup section */
		4BA50294138A58BD00F2653C = {
			isa = PBXGroup;
			children = (
				4BA502A4138A58BD00F2653C /* libpq-ios */,
				4BA502B5138A58BD00F2653C /* libpq-iosTests */,
				4BA502A1138A58BD00F2653C /* Frameworks */,
				4BA502A0138A58BD00F2653C /* Products */,
			);
			sourceTree = "<group>";
		};
		4BA502A0138A58BD00F2653C /* Products */ = {
			isa = PBXGroup;
			children = (
				4BA5029F138A58BD00F2653C /* libpq-ios.a */,
				4BA502AC138A58BD00F2653C /* libpq-iosTests.octest */,
			);
			name = Products;
			sourceTree = "<group>";
		};
		4BA502A1138A58BD00F2653C /* Frameworks */ = {
			isa = PBXGroup;
			children = (
				4BA502A2138A58BD00F2653C /* Foundation.framework */,
			);
			name = Frameworks;
			sourceTree = "<group>";
		};
		4BA502A4138A58BD00F2653C /* libpq-ios */ = {
			isa = PBXGroup;
			children = (
				4BB312DB138A891A00692052 /* wchar.c */,
				4BB312DC138A891A00692052 /* thread.c */,
				4BB312DD138A891A00692052 /* ip.c */,
				4BB312DE138A891A00692052 /* inet_net_ntop.c */,
				4BB312DF138A891A00692052 /* encnames.c */,
				4BB312E0138A891A00692052 /* chklocale.c */,
				4BB312D5138A890800692052 /* pgstrcasecmp.c */,
				4BB312D6138A890800692052 /* noblock.c */,
				4BB312D7138A890800692052 /* md5.c */,
				4BA5031E138A61A600F2653C /* pg_config_paths.h */,
				4BA502F2138A5E9700F2653C /* libpq */,
				4BA502FF138A5E9700F2653C /* getaddrinfo.h */,
				4BA50300138A5E9700F2653C /* port.h */,
				4BA50301138A5E9700F2653C /* postgres_ext.h */,
				4BA50302138A5E9800F2653C /* pg_config_os.h */,
				4BA50303138A5E9800F2653C /* pg_config_manual.h */,
				4BA50304138A5E9800F2653C /* pg_config.h */,
				4BA50305138A5E9800F2653C /* c.h */,
				4BA50306138A5E9800F2653C /* postgres_fe.h */,
				4BA50307138A5E9800F2653C /* mb */,
				4BA502CE138A599600F2653C /* pqsignal.h */,
				4BA502CF138A599600F2653C /* pqexpbuffer.h */,
				4BA502D0138A599600F2653C /* libpq-int.h */,
				4BA502D1138A599600F2653C /* libpq-fe.h */,
				4BA502D2138A599600F2653C /* libpq-events.h */,
				4BA502D3138A599600F2653C /* fe-auth.h */,
				4BA502D4138A599600F2653C /* pqsignal.c */,
				4BA502D5138A599600F2653C /* pqexpbuffer.c */,
				4BA502D6138A599600F2653C /* libpq-events.c */,
				4BA502D7138A599600F2653C /* fe-secure.c */,
				4BA502D8138A599600F2653C /* fe-protocol3.c */,
				4BA502D9138A599600F2653C /* fe-protocol2.c */,
				4BA502DA138A599600F2653C /* fe-print.c */,
				4BA502DB138A599600F2653C /* fe-misc.c */,
				4BA502DC138A599600F2653C /* fe-lobj.c */,
				4BA502DD138A599600F2653C /* fe-exec.c */,
				4BA502DE138A599600F2653C /* fe-connect.c */,
				4BA502DF138A599600F2653C /* fe-auth.c */,
				4BA502A5138A58BD00F2653C /* Supporting Files */,
			);
			path = "libpq-ios";
			sourceTree = "<group>";
		};
		4BA502A5138A58BD00F2653C /* Supporting Files */ = {
			isa = PBXGroup;
			children = (
				4BA502A6138A58BD00F2653C /* libpq-ios-Prefix.pch */,
			);
			name = "Supporting Files";
			sourceTree = "<group>";
		};
		4BA502B5138A58BD00F2653C /* libpq-iosTests */ = {
			isa = PBXGroup;
			children = (
				4BA502BC138A58BD00F2653C /* libpq_iosTests.h */,
				4BA502BE138A58BD00F2653C /* libpq_iosTests.m */,
				4BA502B6138A58BD00F2653C /* Supporting Files */,
			);
			path = "libpq-iosTests";
			sourceTree = "<group>";
		};
		4BA502B6138A58BD00F2653C /* Supporting Files */ = {
			isa = PBXGroup;
			children = (
				4BA502B7138A58BD00F2653C /* libpq-iosTests-Info.plist */,
				4BA502B8138A58BD00F2653C /* InfoPlist.strings */,
				4BA502BB138A58BD00F2653C /* libpq-iosTests-Prefix.pch */,
			);
			name = "Supporting Files";
			sourceTree = "<group>";
		};
		4BA502F2138A5E9700F2653C /* libpq */ = {
			isa = PBXGroup;
			children = (
				4BA502F3138A5E9700F2653C /* auth.h */,
				4BA502F4138A5E9700F2653C /* be-fsstubs.h */,
				4BA502F5138A5E9700F2653C /* crypt.h */,
				4BA502F6138A5E9700F2653C /* hba.h */,
				4BA502F7138A5E9700F2653C /* ip.h */,
				4BA502F8138A5E9700F2653C /* libpq-be.h */,
				4BA502F9138A5E9700F2653C /* libpq-fs.h */,
				4BA502FA138A5E9700F2653C /* libpq.h */,
				4BA502FB138A5E9700F2653C /* md5.h */,
				4BA502FC138A5E9700F2653C /* pqcomm.h */,
				4BA502FD138A5E9700F2653C /* pqformat.h */,
				4BA502FE138A5E9700F2653C /* pqsignal.h */,
			);
			path = libpq;
			sourceTree = "<group>";
		};
		4BA50307138A5E9800F2653C /* mb */ = {
			isa = PBXGroup;
			children = (
				4BA50308138A5E9800F2653C /* pg_wchar.h */,
			);
			path = mb;
			sourceTree = "<group>";
		};
/* End PBXGroup section */

/* Begin PBXHeadersBuildPhase section */
		4BA5029D138A58BD00F2653C /* Headers */ = {
			isa = PBXHeadersBuildPhase;
			buildActionMask = 2147483647;
			files = (
				4BA502E0138A599600F2653C /* pqsignal.h in Headers */,
				4BA502E1138A599600F2653C /* pqexpbuffer.h in Headers */,
				4BA502E2138A599600F2653C /* libpq-int.h in Headers */,
				4BA502E3138A599600F2653C /* libpq-fe.h in Headers */,
				4BA502E4138A599600F2653C /* libpq-events.h in Headers */,
				4BA502E5138A599600F2653C /* fe-auth.h in Headers */,
				4BA50309138A5E9800F2653C /* auth.h in Headers */,
				4BA5030A138A5E9800F2653C /* be-fsstubs.h in Headers */,
				4BA5030B138A5E9800F2653C /* crypt.h in Headers */,
				4BA5030C138A5E9800F2653C /* hba.h in Headers */,
				4BA5030D138A5E9800F2653C /* ip.h in Headers */,
				4BA5030E138A5E9800F2653C /* libpq-be.h in Headers */,
				4BA5030F138A5E9800F2653C /* libpq-fs.h in Headers */,
				4BA50310138A5E9800F2653C /* libpq.h in Headers */,
				4BA50311138A5E9800F2653C /* md5.h in Headers */,
				4BA50312138A5E9800F2653C /* pqcomm.h in Headers */,
				4BA50313138A5E9800F2653C /* pqformat.h in Headers */,
				4BA50314138A5E9800F2653C /* pqsignal.h in Headers */,
				4BA50315138A5E9800F2653C /* getaddrinfo.h in Headers */,
				4BA50316138A5E9800F2653C /* port.h in Headers */,
				4BA50317138A5E9800F2653C /* postgres_ext.h in Headers */,
				4BA50318138A5E9800F2653C /* pg_config_os.h in Headers */,
				4BA50319138A5E9800F2653C /* pg_config_manual.h in Headers */,
				4BA5031A138A5E9800F2653C /* pg_config.h in Headers */,
				4BA5031B138A5E9800F2653C /* c.h in Headers */,
				4BA5031C138A5E9800F2653C /* postgres_fe.h in Headers */,
				4BA5031D138A5E9800F2653C /* pg_wchar.h in Headers */,
				4BA5031F138A61A600F2653C /* pg_config_paths.h in Headers */,
			);
			runOnlyForDeploymentPostprocessing = 0;
		};
/* End PBXHeadersBuildPhase section */

/* Begin PBXNativeTarget section */
		4BA5029E138A58BD00F2653C /* libpq-ios */ = {
			isa = PBXNativeTarget;
			buildConfigurationList = 4BA502C2138A58BD00F2653C /* Build configuration list for PBXNativeTarget "libpq-ios" */;
			buildPhases = (
				4BA5029B138A58BD00F2653C /* Sources */,
				4BA5029C138A58BD00F2653C /* Frameworks */,
				4BA5029D138A58BD00F2653C /* Headers */,
			);
			buildRules = (
			);
			dependencies = (
			);
			name = "libpq-ios";
			productName = "libpq-ios";
			productReference = 4BA5029F138A58BD00F2653C /* libpq-ios.a */;
			productType = "com.apple.product-type.library.static";
		};
		4BA502AB138A58BD00F2653C /* libpq-iosTests */ = {
			isa = PBXNativeTarget;
			buildConfigurationList = 4BA502C5138A58BD00F2653C /* Build configuration list for PBXNativeTarget "libpq-iosTests" */;
			buildPhases = (
				4BA502A7138A58BD00F2653C /* Sources */,
				4BA502A8138A58BD00F2653C /* Frameworks */,
				4BA502A9138A58BD00F2653C /* Resources */,
				4BA502AA138A58BD00F2653C /* ShellScript */,
			);
			buildRules = (
			);
			dependencies = (
				4BA502B3138A58BD00F2653C /* PBXTargetDependency */,
			);
			name = "libpq-iosTests";
			productName = "libpq-iosTests";
			productReference = 4BA502AC138A58BD00F2653C /* libpq-iosTests.octest */;
			productType = "com.apple.product-type.bundle";
		};
/* End PBXNativeTarget section */

/* Begin PBXProject section */
		4BA50296138A58BD00F2653C /* Project object */ = {
			isa = PBXProject;
			buildConfigurationList = 4BA50299138A58BD00F2653C /* Build configuration list for PBXProject "libpq-ios" */;
			compatibilityVersion = "Xcode 3.2";
			developmentRegion = English;
			hasScannedForEncodings = 0;
			knownRegions = (
				en,
			);
			mainGroup = 4BA50294138A58BD00F2653C;
			productRefGroup = 4BA502A0138A58BD00F2653C /* Products */;
			projectDirPath = "";
			projectRoot = "";
			targets = (
				4BA5029E138A58BD00F2653C /* libpq-ios */,
				4BA502AB138A58BD00F2653C /* libpq-iosTests */,
			);
		};
/* End PBXProject section */

/* Begin PBXResourcesBuildPhase section */
		4BA502A9138A58BD00F2653C /* Resources */ = {
			isa = PBXResourcesBuildPhase;
			buildActionMask = 2147483647;
			files = (
				4BA502BA138A58BD00F2653C /* InfoPlist.strings in Resources */,
				4BA502BD138A58BD00F2653C /* libpq_iosTests.h in Resources */,
			);
			runOnlyForDeploymentPostprocessing = 0;
		};
/* End PBXResourcesBuildPhase section */

/* Begin PBXShellScriptBuildPhase section */
		4BA502AA138A58BD00F2653C /* ShellScript */ = {
			isa = PBXShellScriptBuildPhase;
			buildActionMask = 2147483647;
			files = (
			);
			inputPaths = (
			);
			outputPaths = (
			);
			runOnlyForDeploymentPostprocessing = 0;
			shellPath = /bin/sh;
			shellScript = "# Run the unit tests in this test bundle.\n\"${SYSTEM_DEVELOPER_DIR}/Tools/RunUnitTests\"\n";
		};
/* End PBXShellScriptBuildPhase section */

/* Begin PBXSourcesBuildPhase section */
		4BA5029B138A58BD00F2653C /* Sources */ = {
			isa = PBXSourcesBuildPhase;
			buildActionMask = 2147483647;
			files = (
				4BA502E6138A599600F2653C /* pqsignal.c in Sources */,
				4BA502E7138A599600F2653C /* pqexpbuffer.c in Sources */,
				4BA502E8138A599600F2653C /* libpq-events.c in Sources */,
				4BA502E9138A599600F2653C /* fe-secure.c in Sources */,
				4BA502EA138A599600F2653C /* fe-protocol3.c in Sources */,
				4BA502EB138A599600F2653C /* fe-protocol2.c in Sources */,
				4BA502EC138A599600F2653C /* fe-print.c in Sources */,
				4BA502ED138A599600F2653C /* fe-misc.c in Sources */,
				4BA502EE138A599600F2653C /* fe-lobj.c in Sources */,
				4BA502EF138A599600F2653C /* fe-exec.c in Sources */,
				4BA502F0138A599600F2653C /* fe-connect.c in Sources */,
				4BA502F1138A599600F2653C /* fe-auth.c in Sources */,
				4BB312D8138A890900692052 /* pgstrcasecmp.c in Sources */,
				4BB312D9138A890900692052 /* noblock.c in Sources */,
				4BB312DA138A890900692052 /* md5.c in Sources */,
				4BB312E1138A891A00692052 /* wchar.c in Sources */,
				4BB312E2138A891A00692052 /* thread.c in Sources */,
				4BB312E3138A891A00692052 /* ip.c in Sources */,
				4BB312E4138A891A00692052 /* inet_net_ntop.c in Sources */,
				4BB312E5138A891A00692052 /* encnames.c in Sources */,
				4BB312E6138A891A00692052 /* chklocale.c in Sources */,
			);
			runOnlyForDeploymentPostprocessing = 0;
		};
		4BA502A7138A58BD00F2653C /* Sources */ = {
			isa = PBXSourcesBuildPhase;
			buildActionMask = 2147483647;
			files = (
				4BA502BF138A58BD00F2653C /* libpq_iosTests.m in Sources */,
			);
			runOnlyForDeploymentPostprocessing = 0;
		};
/* End PBXSourcesBuildPhase section */

/* Begin PBXTargetDependency section */
		4BA502B3138A58BD00F2653C /* PBXTargetDependency */ = {
			isa = PBXTargetDependency;
			target = 4BA5029E138A58BD00F2653C /* libpq-ios */;
			targetProxy = 4BA502B2138A58BD00F2653C /* PBXContainerItemProxy */;
		};
/* End PBXTargetDependency section */

/* Begin PBXVariantGroup section */
		4BA502B8138A58BD00F2653C /* InfoPlist.strings */ = {
			isa = PBXVariantGroup;
			children = (
				4BA502B9138A58BD00F2653C /* en */,
			);
			name = InfoPlist.strings;
			sourceTree = "<group>";
		};
/* End PBXVariantGroup section */

/* Begin XCBuildConfiguration section */
		4BA502C0138A58BD00F2653C /* Debug */ = {
			isa = XCBuildConfiguration;
			buildSettings = {
				ARCHS = "$(ARCHS_STANDARD_32_BIT)";
				GCC_C_LANGUAGE_STANDARD = gnu99;
				GCC_OPTIMIZATION_LEVEL = 0;
				GCC_PREPROCESSOR_DEFINITIONS = DEBUG;
				GCC_SYMBOLS_PRIVATE_EXTERN = NO;
				GCC_VERSION = com.apple.compilers.llvmgcc42;
				GCC_WARN_ABOUT_RETURN_TYPE = YES;
				GCC_WARN_UNUSED_VARIABLE = YES;
				IPHONEOS_DEPLOYMENT_TARGET = 4.3;
				SDKROOT = iphoneos;
			};
			name = Debug;
		};
		4BA502C1138A58BD00F2653C /* Release */ = {
			isa = XCBuildConfiguration;
			buildSettings = {
				ARCHS = "$(ARCHS_STANDARD_32_BIT)";
				GCC_C_LANGUAGE_STANDARD = gnu99;
				GCC_VERSION = com.apple.compilers.llvmgcc42;
				GCC_WARN_ABOUT_RETURN_TYPE = YES;
				GCC_WARN_UNUSED_VARIABLE = YES;
				IPHONEOS_DEPLOYMENT_TARGET = 4.3;
				SDKROOT = iphoneos;
			};
			name = Release;
		};
		4BA502C3138A58BD00F2653C /* Debug */ = {
			isa = XCBuildConfiguration;
			buildSettings = {
				ALWAYS_SEARCH_USER_PATHS = NO;
				DSTROOT = /tmp/libpq_ios.dst;
				GCC_PRECOMPILE_PREFIX_HEADER = YES;
				GCC_PREFIX_HEADER = "libpq-ios/libpq-ios-Prefix.pch";
				"GCC_PREPROCESSOR_DEFINITIONS[arch=*]" = (
					"FRONTEND=1",
					"UNSAFE_STAT_OK=1",
				);
				OTHER_LDFLAGS = "-ObjC";
				PRODUCT_NAME = "pq-ios";
				USER_HEADER_SEARCH_PATHS = "";
				"USER_HEADER_SEARCH_PATHS[arch=*]" = "$(SRCROOT)/libpq-ios";
			};
			name = Debug;
		};
		4BA502C4138A58BD00F2653C /* Release */ = {
			isa = XCBuildConfiguration;
			buildSettings = {
				ALWAYS_SEARCH_USER_PATHS = NO;
				DSTROOT = /tmp/libpq_ios.dst;
				GCC_PRECOMPILE_PREFIX_HEADER = YES;
				GCC_PREFIX_HEADER = "libpq-ios/libpq-ios-Prefix.pch";
				"GCC_PREPROCESSOR_DEFINITIONS[arch=*]" = (
					"FRONTEND=1",
					"UNSAFE_STAT_OK=1",
				);
				OTHER_LDFLAGS = "-ObjC";
				PRODUCT_NAME = "pq-ios";
				"USER_HEADER_SEARCH_PATHS[arch=*]" = "$(SRCROOT)/libpq-ios";
			};
			name = Release;
		};
		4BA502C6138A58BD00F2653C /* Debug */ = {
			isa = XCBuildConfiguration;
			buildSettings = {
				ALWAYS_SEARCH_USER_PATHS = NO;
				FRAMEWORK_SEARCH_PATHS = (
					"$(SDKROOT)/Developer/Library/Frameworks",
					"$(DEVELOPER_LIBRARY_DIR)/Frameworks",
				);
				GCC_PRECOMPILE_PREFIX_HEADER = YES;
				GCC_PREFIX_HEADER = "libpq-iosTests/libpq-iosTests-Prefix.pch";
				INFOPLIST_FILE = "libpq-iosTests/libpq-iosTests-Info.plist";
				OTHER_LDFLAGS = (
					"-framework",
					SenTestingKit,
				);
				PRODUCT_NAME = "$(TARGET_NAME)";
				WRAPPER_EXTENSION = octest;
			};
			name = Debug;
		};
		4BA502C7138A58BD00F2653C /* Release */ = {
			isa = XCBuildConfiguration;
			buildSettings = {
				ALWAYS_SEARCH_USER_PATHS = NO;
				FRAMEWORK_SEARCH_PATHS = (
					"$(SDKROOT)/Developer/Library/Frameworks",
					"$(DEVELOPER_LIBRARY_DIR)/Frameworks",
				);
				GCC_PRECOMPILE_PREFIX_HEADER = YES;
				GCC_PREFIX_HEADER = "libpq-iosTests/libpq-iosTests-Prefix.pch";
				INFOPLIST_FILE = "libpq-iosTests/libpq-iosTests-Info.plist";
				OTHER_LDFLAGS = (
					"-framework",
					SenTestingKit,
				);
				PRODUCT_NAME = "$(TARGET_NAME)";
				WRAPPER_EXTENSION = octest;
			};
			name = Release;
		};
/* End XCBuildConfiguration section */

/* Begin XCConfigurationList section */
		4BA50299138A58BD00F2653C /* Build configuration list for PBXProject "libpq-ios" */ = {
			isa = XCConfigurationList;
			buildConfigurations = (
				4BA502C0138A58BD00F2653C /* Debug */,
				4BA502C1138A58BD00F2653C /* Release */,
			);
			defaultConfigurationIsVisible = 0;
			defaultConfigurationName = Release;
		};
		4BA502C2138A58BD00F2653C /* Build configuration list for PBXNativeTarget "libpq-ios" */ = {
			isa = XCConfigurationList;
			buildConfigurations = (
				4BA502C3138A58BD00F2653C /* Debug */,
				4BA502C4138A58BD00F2653C /* Release */,
			);
			defaultConfigurationIsVisible = 0;
			defaultConfigurationName = Release;
		};
		4BA502C5138A58BD00F2653C /* Build configuration list for PBXNativeTarget "libpq-iosTests" */ = {
			isa = XCConfigurationList;
			buildConfigurations = (
				4BA502C6138A58BD00F2653C /* Debug */,
				4BA502C7138A58BD00F2653C /* Release */,
			);
			defaultConfigurationIsVisible = 0;
			defaultConfigurationName = Release;
		};
/* End XCConfigurationList section */
	};
	rootObject = 4BA50296138A58BD00F2653C /* Project object */;
}
